
Microsoft Visual Studio Solution File, Format Version 12.00
# Visual Studio Version 16
VisualStudioVersion = 16.0.30011.22
MinimumVisualStudioVersion = 10.0.40219.1
Project("{2150E333-8FDC-42A3-9474-1A3956D46DE8}") = "01- WebApps", "01- WebApps", "{D5646756-1EE4-469B-BB71-B11D1F79807D}"
EndProject
Project("{2150E333-8FDC-42A3-9474-1A3956D46DE8}") = "Services", "Services", "{268FC1BF-D20D-47C4-86AC-5FE11B25E17A}"
EndProject
Project("{2150E333-8FDC-42A3-9474-1A3956D46DE8}") = "Core", "Core", "{F536BD06-C478-4B76-9551-53EE216ADD9B}"
EndProject
Project("{9A19103F-16F7-4668-BE54-9A1E7A4F7556}") = "IExpress.Core", "IExpress.Core\IExpress.Core.csproj", "{7BAA19C1-B551-4DEA-BE2D-946AC6A32C9C}"
EndProject
Project("{2150E333-8FDC-42A3-9474-1A3956D46DE8}") = "Pagamentos", "Pagamentos", "{9CDC4E6D-4E9E-40F0-BB8C-B619D540EEB8}"
EndProject
Project("{9A19103F-16F7-4668-BE54-9A1E7A4F7556}") = "IExpress.Pagamentos.Domain", "IExpress.Pagamentos.Domain\IExpress.Pagamentos.Domain.csproj", "{4040091C-8E6F-41CE-A426-C7702498CB02}"
EndProject
Project("{9A19103F-16F7-4668-BE54-9A1E7A4F7556}") = "IExpress.Pagamentos.Infrastructure", "IExpress.Pagamentos.Infrastructure\IExpress.Pagamentos.Infrastructure.csproj", "{428166C0-8092-4180-8386-F39DE611E5E2}"
EndProject
Project("{2150E333-8FDC-42A3-9474-1A3956D46DE8}") = "Tests", "Tests", "{5A81F142-3361-4E22-86EB-72EBF6A54552}"
EndProject
Project("{9A19103F-16F7-4668-BE54-9A1E7A4F7556}") = "IExpress.Pagamentos.Application", "IExpress.Pagamentos.Application\IExpress.Pagamentos.Application.csproj", "{8127D4F5-92BA-4364-9CAA-52DA7B58ED6D}"
EndProject
Project("{2150E333-8FDC-42A3-9474-1A3956D46DE8}") = "API", "API", "{B6AE73E0-FE61-4236-890D-5418079B429F}"
EndProject
Project("{9A19103F-16F7-4668-BE54-9A1E7A4F7556}") = "IExpress.Pagamentos.AntiCorruption", "IExpress.Pagamentos.AntiCorruption\IExpress.Pagamentos.AntiCorruption.csproj", "{882D31EF-4EF0-46DC-A0E9-A44BE0FAC0DC}"
EndProject
Project("{2150E333-8FDC-42A3-9474-1A3956D46DE8}") = "BuildingBlocks", "BuildingBlocks", "{2E390F54-5F19-4811-811D-32DB9DD5EAB6}"
EndProject
Project("{9A19103F-16F7-4668-BE54-9A1E7A4F7556}") = "EventSourcing", "EventSourcing\EventSourcing.csproj", "{F9EAB0AD-A2F5-4649-B947-F2A3C0FC19A6}"
EndProject
Project("{2150E333-8FDC-42A3-9474-1A3956D46DE8}") = "Vendas", "Vendas", "{6EA68AA5-81C5-4F57-82AA-7267FCF87613}"
EndProject
Project("{2150E333-8FDC-42A3-9474-1A3956D46DE8}") = "OAuth", "OAuth", "{C01AB5DE-B549-4C70-9892-46E3E7BE555E}"
EndProject
Project("{FAE04EC0-301F-11D3-BF4B-00C04F79EFBC}") = "IExpress.OAuth.Infrastructure", "IExpress.OAuth.Infrastructure\IExpress.OAuth.Infrastructure.csproj", "{BF53FF51-A7ED-4865-A497-B1AD6EC0C542}"
EndProject
Project("{9A19103F-16F7-4668-BE54-9A1E7A4F7556}") = "IExpress.OAuth.Domain", "IExpress.OAuth.Domain\IExpress.OAuth.Domain.csproj", "{F2FB74F1-7314-41B2-8F3E-878886AD12C6}"
EndProject
Project("{9A19103F-16F7-4668-BE54-9A1E7A4F7556}") = "IExpress.OAuth.Application", "IExpress.OAuth.Application\IExpress.OAuth.Application.csproj", "{9EBDAAF5-FEEF-445F-A4DA-6B0BA97398ED}"
EndProject
Project("{9A19103F-16F7-4668-BE54-9A1E7A4F7556}") = "IExpress.API.Pagamentos", "IExpress.API.Pagamentos\IExpress.API.Pagamentos.csproj", "{002931CF-AB3B-4430-A40F-75B7F4FC6D66}"
EndProject
Global
	GlobalSection(SolutionConfigurationPlatforms) = preSolution
		Debug|Any CPU = Debug|Any CPU
		Release|Any CPU = Release|Any CPU
	EndGlobalSection
	GlobalSection(ProjectConfigurationPlatforms) = postSolution
		{7BAA19C1-B551-4DEA-BE2D-946AC6A32C9C}.Debug|Any CPU.ActiveCfg = Debug|Any CPU
		{7BAA19C1-B551-4DEA-BE2D-946AC6A32C9C}.Debug|Any CPU.Build.0 = Debug|Any CPU
		{7BAA19C1-B551-4DEA-BE2D-946AC6A32C9C}.Release|Any CPU.ActiveCfg = Release|Any CPU
		{7BAA19C1-B551-4DEA-BE2D-946AC6A32C9C}.Release|Any CPU.Build.0 = Release|Any CPU
		{4040091C-8E6F-41CE-A426-C7702498CB02}.Debug|Any CPU.ActiveCfg = Debug|Any CPU
		{4040091C-8E6F-41CE-A426-C7702498CB02}.Debug|Any CPU.Build.0 = Debug|Any CPU
		{4040091C-8E6F-41CE-A426-C7702498CB02}.Release|Any CPU.ActiveCfg = Release|Any CPU
		{4040091C-8E6F-41CE-A426-C7702498CB02}.Release|Any CPU.Build.0 = Release|Any CPU
		{428166C0-8092-4180-8386-F39DE611E5E2}.Debug|Any CPU.ActiveCfg = Debug|Any CPU
		{428166C0-8092-4180-8386-F39DE611E5E2}.Debug|Any CPU.Build.0 = Debug|Any CPU
		{428166C0-8092-4180-8386-F39DE611E5E2}.Release|Any CPU.ActiveCfg = Release|Any CPU
		{428166C0-8092-4180-8386-F39DE611E5E2}.Release|Any CPU.Build.0 = Release|Any CPU
		{8127D4F5-92BA-4364-9CAA-52DA7B58ED6D}.Debug|Any CPU.ActiveCfg = Debug|Any CPU
		{8127D4F5-92BA-4364-9CAA-52DA7B58ED6D}.Debug|Any CPU.Build.0 = Debug|Any CPU
		{8127D4F5-92BA-4364-9CAA-52DA7B58ED6D}.Release|Any CPU.ActiveCfg = Release|Any CPU
		{8127D4F5-92BA-4364-9CAA-52DA7B58ED6D}.Release|Any CPU.Build.0 = Release|Any CPU
		{882D31EF-4EF0-46DC-A0E9-A44BE0FAC0DC}.Debug|Any CPU.ActiveCfg = Debug|Any CPU
		{882D31EF-4EF0-46DC-A0E9-A44BE0FAC0DC}.Debug|Any CPU.Build.0 = Debug|Any CPU
		{882D31EF-4EF0-46DC-A0E9-A44BE0FAC0DC}.Release|Any CPU.ActiveCfg = Release|Any CPU
		{882D31EF-4EF0-46DC-A0E9-A44BE0FAC0DC}.Release|Any CPU.Build.0 = Release|Any CPU
		{F9EAB0AD-A2F5-4649-B947-F2A3C0FC19A6}.Debug|Any CPU.ActiveCfg = Debug|Any CPU
		{F9EAB0AD-A2F5-4649-B947-F2A3C0FC19A6}.Debug|Any CPU.Build.0 = Debug|Any CPU
		{F9EAB0AD-A2F5-4649-B947-F2A3C0FC19A6}.Release|Any CPU.ActiveCfg = Release|Any CPU
		{F9EAB0AD-A2F5-4649-B947-F2A3C0FC19A6}.Release|Any CPU.Build.0 = Release|Any CPU
		{BF53FF51-A7ED-4865-A497-B1AD6EC0C542}.Debug|Any CPU.ActiveCfg = Debug|Any CPU
		{BF53FF51-A7ED-4865-A497-B1AD6EC0C542}.Debug|Any CPU.Build.0 = Debug|Any CPU
		{BF53FF51-A7ED-4865-A497-B1AD6EC0C542}.Release|Any CPU.ActiveCfg = Release|Any CPU
		{BF53FF51-A7ED-4865-A497-B1AD6EC0C542}.Release|Any CPU.Build.0 = Release|Any CPU
		{F2FB74F1-7314-41B2-8F3E-878886AD12C6}.Debug|Any CPU.ActiveCfg = Debug|Any CPU
		{F2FB74F1-7314-41B2-8F3E-878886AD12C6}.Debug|Any CPU.Build.0 = Debug|Any CPU
		{F2FB74F1-7314-41B2-8F3E-878886AD12C6}.Release|Any CPU.ActiveCfg = Release|Any CPU
		{F2FB74F1-7314-41B2-8F3E-878886AD12C6}.Release|Any CPU.Build.0 = Release|Any CPU
		{9EBDAAF5-FEEF-445F-A4DA-6B0BA97398ED}.Debug|Any CPU.ActiveCfg = Debug|Any CPU
		{9EBDAAF5-FEEF-445F-A4DA-6B0BA97398ED}.Debug|Any CPU.Build.0 = Debug|Any CPU
		{9EBDAAF5-FEEF-445F-A4DA-6B0BA97398ED}.Release|Any CPU.ActiveCfg = Release|Any CPU
		{9EBDAAF5-FEEF-445F-A4DA-6B0BA97398ED}.Release|Any CPU.Build.0 = Release|Any CPU
		{002931CF-AB3B-4430-A40F-75B7F4FC6D66}.Debug|Any CPU.ActiveCfg = Debug|Any CPU
		{002931CF-AB3B-4430-A40F-75B7F4FC6D66}.Debug|Any CPU.Build.0 = Debug|Any CPU
		{002931CF-AB3B-4430-A40F-75B7F4FC6D66}.Release|Any CPU.ActiveCfg = Release|Any CPU
		{002931CF-AB3B-4430-A40F-75B7F4FC6D66}.Release|Any CPU.Build.0 = Release|Any CPU
	EndGlobalSection
	GlobalSection(SolutionProperties) = preSolution
		HideSolutionNode = FALSE
	EndGlobalSection
	GlobalSection(NestedProjects) = preSolution
		{F536BD06-C478-4B76-9551-53EE216ADD9B} = {268FC1BF-D20D-47C4-86AC-5FE11B25E17A}
		{7BAA19C1-B551-4DEA-BE2D-946AC6A32C9C} = {F536BD06-C478-4B76-9551-53EE216ADD9B}
		{9CDC4E6D-4E9E-40F0-BB8C-B619D540EEB8} = {268FC1BF-D20D-47C4-86AC-5FE11B25E17A}
		{4040091C-8E6F-41CE-A426-C7702498CB02} = {9CDC4E6D-4E9E-40F0-BB8C-B619D540EEB8}
		{428166C0-8092-4180-8386-F39DE611E5E2} = {9CDC4E6D-4E9E-40F0-BB8C-B619D540EEB8}
		{5A81F142-3361-4E22-86EB-72EBF6A54552} = {9CDC4E6D-4E9E-40F0-BB8C-B619D540EEB8}
		{8127D4F5-92BA-4364-9CAA-52DA7B58ED6D} = {9CDC4E6D-4E9E-40F0-BB8C-B619D540EEB8}
		{B6AE73E0-FE61-4236-890D-5418079B429F} = {D5646756-1EE4-469B-BB71-B11D1F79807D}
		{882D31EF-4EF0-46DC-A0E9-A44BE0FAC0DC} = {9CDC4E6D-4E9E-40F0-BB8C-B619D540EEB8}
		{F9EAB0AD-A2F5-4649-B947-F2A3C0FC19A6} = {2E390F54-5F19-4811-811D-32DB9DD5EAB6}
		{6EA68AA5-81C5-4F57-82AA-7267FCF87613} = {268FC1BF-D20D-47C4-86AC-5FE11B25E17A}
		{C01AB5DE-B549-4C70-9892-46E3E7BE555E} = {268FC1BF-D20D-47C4-86AC-5FE11B25E17A}
		{BF53FF51-A7ED-4865-A497-B1AD6EC0C542} = {C01AB5DE-B549-4C70-9892-46E3E7BE555E}
		{F2FB74F1-7314-41B2-8F3E-878886AD12C6} = {C01AB5DE-B549-4C70-9892-46E3E7BE555E}
		{9EBDAAF5-FEEF-445F-A4DA-6B0BA97398ED} = {C01AB5DE-B549-4C70-9892-46E3E7BE555E}
		{002931CF-AB3B-4430-A40F-75B7F4FC6D66} = {B6AE73E0-FE61-4236-890D-5418079B429F}
	EndGlobalSection
	GlobalSection(ExtensibilityGlobals) = postSolution
		SolutionGuid = {C911B31B-0586-4894-877C-856F6D9ACBC6}
	EndGlobalSection
EndGlobal
